// !$*UTF8*$!
{
	archiveVersion = 1;
	classes = {
	};
	objectVersion = 52;
	objects = {

/* Begin PBXBuildFile section */
		D3298EB5257856DE005874E5 /* AppDelegate.swift in Sources */ = {isa = PBXBuildFile; fileRef = D3298EB4257856DE005874E5 /* AppDelegate.swift */; };
		D34650F0253786E500F701EA /* InsomniOwlApp.swift in Sources */ = {isa = PBXBuildFile; fileRef = D34650EF253786E500F701EA /* InsomniOwlApp.swift */; };
		D34650F2253786E500F701EA /* ContentView.swift in Sources */ = {isa = PBXBuildFile; fileRef = D34650F1253786E500F701EA /* ContentView.swift */; };
		D34650F4253786E700F701EA /* Assets.xcassets in Resources */ = {isa = PBXBuildFile; fileRef = D34650F3253786E700F701EA /* Assets.xcassets */; };
		D34650F7253786E700F701EA /* Preview Assets.xcassets in Resources */ = {isa = PBXBuildFile; fileRef = D34650F6253786E700F701EA /* Preview Assets.xcassets */; };
		D34651012537878A00F701EA /* Owl.swift in Sources */ = {isa = PBXBuildFile; fileRef = D34651002537878A00F701EA /* Owl.swift */; };
		D34651082538C91500F701EA /* OwlDLCView.swift in Sources */ = {isa = PBXBuildFile; fileRef = D34651072538C91500F701EA /* OwlDLCView.swift */; };
		D3A585A525796419005F2A86 /* SwiftKeychainWrapper in Frameworks */ = {isa = PBXBuildFile; productRef = D3A585A425796419005F2A86 /* SwiftKeychainWrapper */; };
		D3A585B025799A44005F2A86 /* InsomniOwlTests.swift in Sources */ = {isa = PBXBuildFile; fileRef = D3A585AF25799A44005F2A86 /* InsomniOwlTests.swift */; };
		D3A585B925799A56005F2A86 /* Configuration.storekit in Resources */ = {isa = PBXBuildFile; fileRef = D3A585A1257958F2005F2A86 /* Configuration.storekit */; };
		D3DEF10A265FF42800D1E985 /* OpenSSL in Frameworks */ = {isa = PBXBuildFile; productRef = D3DEF109265FF42800D1E985 /* OpenSSL */; };
		D3E44FD4265C58D200EC6112 /* AppleReceipt.swift in Sources */ = {isa = PBXBuildFile; fileRef = D3E44FD3265C58D200EC6112 /* AppleReceipt.swift */; };
		D3FA6BAC2577FB3600E2047D /* StoreKit.framework in Frameworks */ = {isa = PBXBuildFile; fileRef = D3FA6BAB2577FB3600E2047D /* StoreKit.framework */; };
		D3FA6BB5257832F000E2047D /* IAPStore.swift in Sources */ = {isa = PBXBuildFile; fileRef = D3FA6BB4257832F000E2047D /* IAPStore.swift */; };
		D3FA6BB82578330C00E2047D /* OwlProducts.swift in Sources */ = {isa = PBXBuildFile; fileRef = D3FA6BB72578330C00E2047D /* OwlProducts.swift */; };
/* End PBXBuildFile section */

/* Begin PBXContainerItemProxy section */
		D3A585B225799A44005F2A86 /* PBXContainerItemProxy */ = {
			isa = PBXContainerItemProxy;
			containerPortal = D34650E4253786E500F701EA /* Project object */;
			proxyType = 1;
			remoteGlobalIDString = D34650EB253786E500F701EA;
			remoteInfo = InsomniOwl;
		};
/* End PBXContainerItemProxy section */

/* Begin PBXFileReference section */
		D3298EB4257856DE005874E5 /* AppDelegate.swift */ = {isa = PBXFileReference; lastKnownFileType = sourcecode.swift; path = AppDelegate.swift; sourceTree = "<group>"; };
		D34650EC253786E500F701EA /* InsomniOwl.app */ = {isa = PBXFileReference; explicitFileType = wrapper.application; includeInIndex = 0; path = InsomniOwl.app; sourceTree = BUILT_PRODUCTS_DIR; };
		D34650EF253786E500F701EA /* InsomniOwlApp.swift */ = {isa = PBXFileReference; lastKnownFileType = sourcecode.swift; path = InsomniOwlApp.swift; sourceTree = "<group>"; };
		D34650F1253786E500F701EA /* ContentView.swift */ = {isa = PBXFileReference; lastKnownFileType = sourcecode.swift; path = ContentView.swift; sourceTree = "<group>"; };
		D34650F3253786E700F701EA /* Assets.xcassets */ = {isa = PBXFileReference; lastKnownFileType = folder.assetcatalog; path = Assets.xcassets; sourceTree = "<group>"; };
		D34650F6253786E700F701EA /* Preview Assets.xcassets */ = {isa = PBXFileReference; lastKnownFileType = folder.assetcatalog; path = "Preview Assets.xcassets"; sourceTree = "<group>"; };
		D34650F8253786E700F701EA /* Info.plist */ = {isa = PBXFileReference; lastKnownFileType = text.plist.xml; path = Info.plist; sourceTree = "<group>"; };
		D34651002537878A00F701EA /* Owl.swift */ = {isa = PBXFileReference; lastKnownFileType = sourcecode.swift; path = Owl.swift; sourceTree = "<group>"; };
		D34651072538C91500F701EA /* OwlDLCView.swift */ = {isa = PBXFileReference; lastKnownFileType = sourcecode.swift; path = OwlDLCView.swift; sourceTree = "<group>"; };
		D3A585A1257958F2005F2A86 /* Configuration.storekit */ = {isa = PBXFileReference; lastKnownFileType = text; path = Configuration.storekit; sourceTree = "<group>"; };
		D3A585AD25799A44005F2A86 /* InsomniOwlTests.xctest */ = {isa = PBXFileReference; explicitFileType = wrapper.cfbundle; includeInIndex = 0; path = InsomniOwlTests.xctest; sourceTree = BUILT_PRODUCTS_DIR; };
		D3A585AF25799A44005F2A86 /* InsomniOwlTests.swift */ = {isa = PBXFileReference; lastKnownFileType = sourcecode.swift; path = InsomniOwlTests.swift; sourceTree = "<group>"; };
		D3A585B125799A44005F2A86 /* Info.plist */ = {isa = PBXFileReference; lastKnownFileType = text.plist.xml; path = Info.plist; sourceTree = "<group>"; };
		D3E44FD3265C58D200EC6112 /* AppleReceipt.swift */ = {isa = PBXFileReference; lastKnownFileType = sourcecode.swift; path = AppleReceipt.swift; sourceTree = "<group>"; };
		D3FA6BAB2577FB3600E2047D /* StoreKit.framework */ = {isa = PBXFileReference; lastKnownFileType = wrapper.framework; name = StoreKit.framework; path = System/Library/Frameworks/StoreKit.framework; sourceTree = SDKROOT; };
		D3FA6BB4257832F000E2047D /* IAPStore.swift */ = {isa = PBXFileReference; lastKnownFileType = sourcecode.swift; path = IAPStore.swift; sourceTree = "<group>"; };
		D3FA6BB72578330C00E2047D /* OwlProducts.swift */ = {isa = PBXFileReference; lastKnownFileType = sourcecode.swift; path = OwlProducts.swift; sourceTree = "<group>"; };
/* End PBXFileReference section */

/* Begin PBXFrameworksBuildPhase section */
		D34650E9253786E500F701EA /* Frameworks */ = {
			isa = PBXFrameworksBuildPhase;
			buildActionMask = 2147483647;
			files = (
				D3DEF10A265FF42800D1E985 /* OpenSSL in Frameworks */,
				D3A585A525796419005F2A86 /* SwiftKeychainWrapper in Frameworks */,
				D3FA6BAC2577FB3600E2047D /* StoreKit.framework in Frameworks */,
			);
			runOnlyForDeploymentPostprocessing = 0;
		};
		D3A585AA25799A44005F2A86 /* Frameworks */ = {
			isa = PBXFrameworksBuildPhase;
			buildActionMask = 2147483647;
			files = (
			);
			runOnlyForDeploymentPostprocessing = 0;
		};
/* End PBXFrameworksBuildPhase section */

/* Begin PBXGroup section */
		D34650E3253786E500F701EA = {
			isa = PBXGroup;
			children = (
				D34650EE253786E500F701EA /* InsomniOwl */,
				D3A585AE25799A44005F2A86 /* InsomniOwlTests */,
				D34650ED253786E500F701EA /* Products */,
				D3FA6BA82577F91700E2047D /* Frameworks */,
			);
			sourceTree = "<group>";
		};
		D34650ED253786E500F701EA /* Products */ = {
			isa = PBXGroup;
			children = (
				D34650EC253786E500F701EA /* InsomniOwl.app */,
				D3A585AD25799A44005F2A86 /* InsomniOwlTests.xctest */,
			);
			name = Products;
			sourceTree = "<group>";
		};
		D34650EE253786E500F701EA /* InsomniOwl */ = {
			isa = PBXGroup;
			children = (
				D3E44FD2265C58B200EC6112 /* IAP */,
				D34651062538C8E700F701EA /* Views */,
				D34650FF2537876C00F701EA /* Model */,
				D34650EF253786E500F701EA /* InsomniOwlApp.swift */,
				D34650F1253786E500F701EA /* ContentView.swift */,
				D3298EB4257856DE005874E5 /* AppDelegate.swift */,
				D34650F3253786E700F701EA /* Assets.xcassets */,
				D34650F8253786E700F701EA /* Info.plist */,
				D34650F5253786E700F701EA /* Preview Content */,
			);
			path = InsomniOwl;
			sourceTree = "<group>";
		};
		D34650F5253786E700F701EA /* Preview Content */ = {
			isa = PBXGroup;
			children = (
				D34650F6253786E700F701EA /* Preview Assets.xcassets */,
			);
			path = "Preview Content";
			sourceTree = "<group>";
		};
		D34650FF2537876C00F701EA /* Model */ = {
			isa = PBXGroup;
			children = (
				D3A585A1257958F2005F2A86 /* Configuration.storekit */,
				D34651002537878A00F701EA /* Owl.swift */,
				D3FA6BB4257832F000E2047D /* IAPStore.swift */,
				D3FA6BB72578330C00E2047D /* OwlProducts.swift */,
			);
			path = Model;
			sourceTree = "<group>";
		};
		D34651062538C8E700F701EA /* Views */ = {
			isa = PBXGroup;
			children = (
				D34651072538C91500F701EA /* OwlDLCView.swift */,
			);
			path = Views;
			sourceTree = "<group>";
		};
		D3A585AE25799A44005F2A86 /* InsomniOwlTests */ = {
			isa = PBXGroup;
			children = (
				D3A585AF25799A44005F2A86 /* InsomniOwlTests.swift */,
				D3A585B125799A44005F2A86 /* Info.plist */,
			);
			path = InsomniOwlTests;
			sourceTree = "<group>";
		};
		D3E44FD2265C58B200EC6112 /* IAP */ = {
			isa = PBXGroup;
			children = (
				D3E44FD3265C58D200EC6112 /* AppleReceipt.swift */,
			);
			path = IAP;
			sourceTree = "<group>";
		};
		D3FA6BA82577F91700E2047D /* Frameworks */ = {
			isa = PBXGroup;
			children = (
				D3FA6BAB2577FB3600E2047D /* StoreKit.framework */,
			);
			name = Frameworks;
			sourceTree = "<group>";
		};
/* End PBXGroup section */

/* Begin PBXNativeTarget section */
		D34650EB253786E500F701EA /* InsomniOwl */ = {
			isa = PBXNativeTarget;
			buildConfigurationList = D34650FB253786E700F701EA /* Build configuration list for PBXNativeTarget "InsomniOwl" */;
			buildPhases = (
				D34650E8253786E500F701EA /* Sources */,
				D34650E9253786E500F701EA /* Frameworks */,
				D34650EA253786E500F701EA /* Resources */,
			);
			buildRules = (
			);
			dependencies = (
			);
			name = InsomniOwl;
			packageProductDependencies = (
				D3A585A425796419005F2A86 /* SwiftKeychainWrapper */,
				D3DEF109265FF42800D1E985 /* OpenSSL */,
			);
			productName = InsomniOwl;
			productReference = D34650EC253786E500F701EA /* InsomniOwl.app */;
			productType = "com.apple.product-type.application";
		};
		D3A585AC25799A44005F2A86 /* InsomniOwlTests */ = {
			isa = PBXNativeTarget;
			buildConfigurationList = D3A585B625799A44005F2A86 /* Build configuration list for PBXNativeTarget "InsomniOwlTests" */;
			buildPhases = (
				D3A585A925799A44005F2A86 /* Sources */,
				D3A585AA25799A44005F2A86 /* Frameworks */,
				D3A585AB25799A44005F2A86 /* Resources */,
			);
			buildRules = (
			);
			dependencies = (
				D3A585B325799A44005F2A86 /* PBXTargetDependency */,
			);
			name = InsomniOwlTests;
			productName = InsomniOwlTests;
			productReference = D3A585AD25799A44005F2A86 /* InsomniOwlTests.xctest */;
			productType = "com.apple.product-type.bundle.unit-test";
		};
/* End PBXNativeTarget section */

/* Begin PBXProject section */
		D34650E4253786E500F701EA /* Project object */ = {
			isa = PBXProject;
			attributes = {
				LastSwiftUpdateCheck = 1220;
				LastUpgradeCheck = 1200;
				TargetAttributes = {
					D34650EB253786E500F701EA = {
						CreatedOnToolsVersion = 12.0;
					};
					D3A585AC25799A44005F2A86 = {
						CreatedOnToolsVersion = 12.2;
						TestTargetID = D34650EB253786E500F701EA;
					};
				};
			};
			buildConfigurationList = D34650E7253786E500F701EA /* Build configuration list for PBXProject "InsomniOwl" */;
			compatibilityVersion = "Xcode 9.3";
			developmentRegion = en;
			hasScannedForEncodings = 0;
			knownRegions = (
				en,
				Base,
			);
			mainGroup = D34650E3253786E500F701EA;
			packageReferences = (
				D3A585A325796419005F2A86 /* XCRemoteSwiftPackageReference "SwiftKeychainWrapper" */,
				D3DEF108265FF42800D1E985 /* XCRemoteSwiftPackageReference "OpenSSL" */,
			);
			productRefGroup = D34650ED253786E500F701EA /* Products */;
			projectDirPath = "";
			projectRoot = "";
			targets = (
				D34650EB253786E500F701EA /* InsomniOwl */,
				D3A585AC25799A44005F2A86 /* InsomniOwlTests */,
			);
		};
/* End PBXProject section */

/* Begin PBXResourcesBuildPhase section */
		D34650EA253786E500F701EA /* Resources */ = {
			isa = PBXResourcesBuildPhase;
			buildActionMask = 2147483647;
			files = (
				D34650F7253786E700F701EA /* Preview Assets.xcassets in Resources */,
				D34650F4253786E700F701EA /* Assets.xcassets in Resources */,
			);
			runOnlyForDeploymentPostprocessing = 0;
		};
		D3A585AB25799A44005F2A86 /* Resources */ = {
			isa = PBXResourcesBuildPhase;
			buildActionMask = 2147483647;
			files = (
				D3A585B925799A56005F2A86 /* Configuration.storekit in Resources */,
			);
			runOnlyForDeploymentPostprocessing = 0;
		};
/* End PBXResourcesBuildPhase section */

/* Begin PBXSourcesBuildPhase section */
		D34650E8253786E500F701EA /* Sources */ = {
			isa = PBXSourcesBuildPhase;
			buildActionMask = 2147483647;
			files = (
				D3FA6BB5257832F000E2047D /* IAPStore.swift in Sources */,
				D34650F2253786E500F701EA /* ContentView.swift in Sources */,
				D34650F0253786E500F701EA /* InsomniOwlApp.swift in Sources */,
				D3E44FD4265C58D200EC6112 /* AppleReceipt.swift in Sources */,
				D34651012537878A00F701EA /* Owl.swift in Sources */,
				D3298EB5257856DE005874E5 /* AppDelegate.swift in Sources */,
				D3FA6BB82578330C00E2047D /* OwlProducts.swift in Sources */,
				D34651082538C91500F701EA /* OwlDLCView.swift in Sources */,
			);
			runOnlyForDeploymentPostprocessing = 0;
		};
		D3A585A925799A44005F2A86 /* Sources */ = {
			isa = PBXSourcesBuildPhase;
			buildActionMask = 2147483647;
			files = (
				D3A585B025799A44005F2A86 /* InsomniOwlTests.swift in Sources */,
			);
			runOnlyForDeploymentPostprocessing = 0;
		};
/* End PBXSourcesBuildPhase section */

/* Begin PBXTargetDependency section */
		D3A585B325799A44005F2A86 /* PBXTargetDependency */ = {
			isa = PBXTargetDependency;
			target = D34650EB253786E500F701EA /* InsomniOwl */;
			targetProxy = D3A585B225799A44005F2A86 /* PBXContainerItemProxy */;
		};
/* End PBXTargetDependency section */

/* Begin XCBuildConfiguration section */
		D34650F9253786E700F701EA /* Debug */ = {
			isa = XCBuildConfiguration;
			buildSettings = {
				ALWAYS_SEARCH_USER_PATHS = NO;
				CLANG_ANALYZER_NONNULL = YES;
				CLANG_ANALYZER_NUMBER_OBJECT_CONVERSION = YES_AGGRESSIVE;
				CLANG_CXX_LANGUAGE_STANDARD = "gnu++14";
				CLANG_CXX_LIBRARY = "libc++";
				CLANG_ENABLE_MODULES = YES;
				CLANG_ENABLE_OBJC_ARC = YES;
				CLANG_ENABLE_OBJC_WEAK = YES;
				CLANG_WARN_BLOCK_CAPTURE_AUTORELEASING = YES;
				CLANG_WARN_BOOL_CONVERSION = YES;
				CLANG_WARN_COMMA = YES;
				CLANG_WARN_CONSTANT_CONVERSION = YES;
				CLANG_WARN_DEPRECATED_OBJC_IMPLEMENTATIONS = YES;
				CLANG_WARN_DIRECT_OBJC_ISA_USAGE = YES_ERROR;
				CLANG_WARN_DOCUMENTATION_COMMENTS = YES;
				CLANG_WARN_EMPTY_BODY = YES;
				CLANG_WARN_ENUM_CONVERSION = YES;
				CLANG_WARN_INFINITE_RECURSION = YES;
				CLANG_WARN_INT_CONVERSION = YES;
				CLANG_WARN_NON_LITERAL_NULL_CONVERSION = YES;
				CLANG_WARN_OBJC_IMPLICIT_RETAIN_SELF = YES;
				CLANG_WARN_OBJC_LITERAL_CONVERSION = YES;
				CLANG_WARN_OBJC_ROOT_CLASS = YES_ERROR;
				CLANG_WARN_QUOTED_INCLUDE_IN_FRAMEWORK_HEADER = YES;
				CLANG_WARN_RANGE_LOOP_ANALYSIS = YES;
				CLANG_WARN_STRICT_PROTOTYPES = YES;
				CLANG_WARN_SUSPICIOUS_MOVE = YES;
				CLANG_WARN_UNGUARDED_AVAILABILITY = YES_AGGRESSIVE;
				CLANG_WARN_UNREACHABLE_CODE = YES;
				CLANG_WARN__DUPLICATE_METHOD_MATCH = YES;
				COPY_PHASE_STRIP = NO;
				DEBUG_INFORMATION_FORMAT = dwarf;
				ENABLE_STRICT_OBJC_MSGSEND = YES;
				ENABLE_TESTABILITY = YES;
				GCC_C_LANGUAGE_STANDARD = gnu11;
				GCC_DYNAMIC_NO_PIC = NO;
				GCC_NO_COMMON_BLOCKS = YES;
				GCC_OPTIMIZATION_LEVEL = 0;
				GCC_PREPROCESSOR_DEFINITIONS = (
					"DEBUG=1",
					"$(inherited)",
				);
				GCC_WARN_64_TO_32_BIT_CONVERSION = YES;
				GCC_WARN_ABOUT_RETURN_TYPE = YES_ERROR;
				GCC_WARN_UNDECLARED_SELECTOR = YES;
				GCC_WARN_UNINITIALIZED_AUTOS = YES_AGGRESSIVE;
				GCC_WARN_UNUSED_FUNCTION = YES;
				GCC_WARN_UNUSED_VARIABLE = YES;
				HEADER_SEARCH_PATHS = "";
				IPHONEOS_DEPLOYMENT_TARGET = 14.2;
				LIBRARY_SEARCH_PATHS = "";
				MTL_ENABLE_DEBUG_INFO = INCLUDE_SOURCE;
				MTL_FAST_MATH = YES;
				ONLY_ACTIVE_ARCH = YES;
				SDKROOT = iphoneos;
				SWIFT_ACTIVE_COMPILATION_CONDITIONS = DEBUG;
				SWIFT_OPTIMIZATION_LEVEL = "-Onone";
			};
			name = Debug;
		};
		D34650FA253786E700F701EA /* Release */ = {
			isa = XCBuildConfiguration;
			buildSettings = {
				ALWAYS_SEARCH_USER_PATHS = NO;
				CLANG_ANALYZER_NONNULL = YES;
				CLANG_ANALYZER_NUMBER_OBJECT_CONVERSION = YES_AGGRESSIVE;
				CLANG_CXX_LANGUAGE_STANDARD = "gnu++14";
				CLANG_CXX_LIBRARY = "libc++";
				CLANG_ENABLE_MODULES = YES;
				CLANG_ENABLE_OBJC_ARC = YES;
				CLANG_ENABLE_OBJC_WEAK = YES;
				CLANG_WARN_BLOCK_CAPTURE_AUTORELEASING = YES;
				CLANG_WARN_BOOL_CONVERSION = YES;
				CLANG_WARN_COMMA = YES;
				CLANG_WARN_CONSTANT_CONVERSION = YES;
				CLANG_WARN_DEPRECATED_OBJC_IMPLEMENTATIONS = YES;
				CLANG_WARN_DIRECT_OBJC_ISA_USAGE = YES_ERROR;
				CLANG_WARN_DOCUMENTATION_COMMENTS = YES;
				CLANG_WARN_EMPTY_BODY = YES;
				CLANG_WARN_ENUM_CONVERSION = YES;
				CLANG_WARN_INFINITE_RECURSION = YES;
				CLANG_WARN_INT_CONVERSION = YES;
				CLANG_WARN_NON_LITERAL_NULL_CONVERSION = YES;
				CLANG_WARN_OBJC_IMPLICIT_RETAIN_SELF = YES;
				CLANG_WARN_OBJC_LITERAL_CONVERSION = YES;
				CLANG_WARN_OBJC_ROOT_CLASS = YES_ERROR;
				CLANG_WARN_QUOTED_INCLUDE_IN_FRAMEWORK_HEADER = YES;
				CLANG_WARN_RANGE_LOOP_ANALYSIS = YES;
				CLANG_WARN_STRICT_PROTOTYPES = YES;
				CLANG_WARN_SUSPICIOUS_MOVE = YES;
				CLANG_WARN_UNGUARDED_AVAILABILITY = YES_AGGRESSIVE;
				CLANG_WARN_UNREACHABLE_CODE = YES;
				CLANG_WARN__DUPLICATE_METHOD_MATCH = YES;
				COPY_PHASE_STRIP = NO;
				DEBUG_INFORMATION_FORMAT = "dwarf-with-dsym";
				ENABLE_NS_ASSERTIONS = NO;
				ENABLE_STRICT_OBJC_MSGSEND = YES;
				GCC_C_LANGUAGE_STANDARD = gnu11;
				GCC_NO_COMMON_BLOCKS = YES;
				GCC_WARN_64_TO_32_BIT_CONVERSION = YES;
				GCC_WARN_ABOUT_RETURN_TYPE = YES_ERROR;
				GCC_WARN_UNDECLARED_SELECTOR = YES;
				GCC_WARN_UNINITIALIZED_AUTOS = YES_AGGRESSIVE;
				GCC_WARN_UNUSED_FUNCTION = YES;
				GCC_WARN_UNUSED_VARIABLE = YES;
				HEADER_SEARCH_PATHS = "";
				IPHONEOS_DEPLOYMENT_TARGET = 14.2;
				LIBRARY_SEARCH_PATHS = "";
				MTL_ENABLE_DEBUG_INFO = NO;
				MTL_FAST_MATH = YES;
				SDKROOT = iphoneos;
				SWIFT_COMPILATION_MODE = wholemodule;
				SWIFT_OPTIMIZATION_LEVEL = "-O";
				VALIDATE_PRODUCT = YES;
			};
			name = Release;
		};
		D34650FC253786E700F701EA /* Debug */ = {
			isa = XCBuildConfiguration;
			buildSettings = {
				ASSETCATALOG_COMPILER_APPICON_NAME = AppIcon;
				ASSETCATALOG_COMPILER_GLOBAL_ACCENT_COLOR_NAME = AccentColor;
				CODE_SIGN_STYLE = Automatic;
				DEVELOPMENT_ASSET_PATHS = "\"InsomniOwl/Preview Content\"";
				DEVELOPMENT_TEAM = QDKA3FBC46;
				ENABLE_PREVIEWS = YES;
				HEADER_SEARCH_PATHS = "";
				INFOPLIST_FILE = InsomniOwl/Info.plist;
				IPHONEOS_DEPLOYMENT_TARGET = 14.0;
				LD_RUNPATH_SEARCH_PATHS = (
					"$(inherited)",
					"@executable_path/Frameworks",
				);
				LIBRARY_SEARCH_PATHS = "";
				PRODUCT_BUNDLE_IDENTIFIER = com.razeware.course.2020.iap;
				PRODUCT_NAME = "$(TARGET_NAME)";
				SWIFT_OBJC_BRIDGING_HEADER = "";
				SWIFT_VERSION = 5.0;
				TARGETED_DEVICE_FAMILY = 1;
			};
			name = Debug;
		};
		D34650FD253786E700F701EA /* Release */ = {
			isa = XCBuildConfiguration;
			buildSettings = {
				ASSETCATALOG_COMPILER_APPICON_NAME = AppIcon;
				ASSETCATALOG_COMPILER_GLOBAL_ACCENT_COLOR_NAME = AccentColor;
				CODE_SIGN_STYLE = Automatic;
				DEVELOPMENT_ASSET_PATHS = "\"InsomniOwl/Preview Content\"";
				DEVELOPMENT_TEAM = QDKA3FBC46;
				ENABLE_PREVIEWS = YES;
				HEADER_SEARCH_PATHS = "";
				INFOPLIST_FILE = InsomniOwl/Info.plist;
				IPHONEOS_DEPLOYMENT_TARGET = 14.0;
				LD_RUNPATH_SEARCH_PATHS = (
					"$(inherited)",
					"@executable_path/Frameworks",
				);
				LIBRARY_SEARCH_PATHS = "";
				PRODUCT_BUNDLE_IDENTIFIER = com.razeware.course.2020.iap;
				PRODUCT_NAME = "$(TARGET_NAME)";
				SWIFT_OBJC_BRIDGING_HEADER = "";
				SWIFT_VERSION = 5.0;
				TARGETED_DEVICE_FAMILY = 1;
			};
			name = Release;
		};
		D3A585B425799A44005F2A86 /* Debug */ = {
			isa = XCBuildConfiguration;
			buildSettings = {
				BUNDLE_LOADER = "$(TEST_HOST)";
				CODE_SIGN_STYLE = Automatic;
				DEVELOPMENT_TEAM = QDKA3FBC46;
				INFOPLIST_FILE = InsomniOwlTests/Info.plist;
				LD_RUNPATH_SEARCH_PATHS = (
					"$(inherited)",
					"@executable_path/Frameworks",
					"@loader_path/Frameworks",
				);
				PRODUCT_BUNDLE_IDENTIFIER = com.razeware.course.2020.iap.InsomniOwlTests;
				PRODUCT_NAME = "$(TARGET_NAME)";
				SWIFT_VERSION = 5.0;
				TARGETED_DEVICE_FAMILY = "1,2";
				TEST_HOST = "$(BUILT_PRODUCTS_DIR)/InsomniOwl.app/InsomniOwl";
			};
			name = Debug;
		};
		D3A585B525799A44005F2A86 /* Release */ = {
			isa = XCBuildConfiguration;
			buildSettings = {
				BUNDLE_LOADER = "$(TEST_HOST)";
				CODE_SIGN_STYLE = Automatic;
				DEVELOPMENT_TEAM = QDKA3FBC46;
				INFOPLIST_FILE = InsomniOwlTests/Info.plist;
				LD_RUNPATH_SEARCH_PATHS = (
					"$(inherited)",
					"@executable_path/Frameworks",
					"@loader_path/Frameworks",
				);
				PRODUCT_BUNDLE_IDENTIFIER = com.razeware.course.2020.iap.InsomniOwlTests;
				PRODUCT_NAME = "$(TARGET_NAME)";
				SWIFT_VERSION = 5.0;
				TARGETED_DEVICE_FAMILY = "1,2";
				TEST_HOST = "$(BUILT_PRODUCTS_DIR)/InsomniOwl.app/InsomniOwl";
			};
			name = Release;
		};
/* End XCBuildConfiguration section */

/* Begin XCConfigurationList section */
		D34650E7253786E500F701EA /* Build configuration list for PBXProject "InsomniOwl" */ = {
			isa = XCConfigurationList;
			buildConfigurations = (
				D34650F9253786E700F701EA /* Debug */,
				D34650FA253786E700F701EA /* Release */,
			);
			defaultConfigurationIsVisible = 0;
			defaultConfigurationName = Release;
		};
		D34650FB253786E700F701EA /* Build configuration list for PBXNativeTarget "InsomniOwl" */ = {
			isa = XCConfigurationList;
			buildConfigurations = (
				D34650FC253786E700F701EA /* Debug */,
				D34650FD253786E700F701EA /* Release */,
			);
			defaultConfigurationIsVisible = 0;
			defaultConfigurationName = Release;
		};
		D3A585B625799A44005F2A86 /* Build configuration list for PBXNativeTarget "InsomniOwlTests" */ = {
			isa = XCConfigurationList;
			buildConfigurations = (
				D3A585B425799A44005F2A86 /* Debug */,
				D3A585B525799A44005F2A86 /* Release */,
			);
			defaultConfigurationIsVisible = 0;
			defaultConfigurationName = Release;
		};
/* End XCConfigurationList section */

/* Begin XCRemoteSwiftPackageReference section */
		D3A585A325796419005F2A86 /* XCRemoteSwiftPackageReference "SwiftKeychainWrapper" */ = {
			isa = XCRemoteSwiftPackageReference;
			repositoryURL = "https://github.com/jrendel/SwiftKeychainWrapper";
			requirement = {
				kind = upToNextMajorVersion;
				minimumVersion = 4.0.1;
			};
		};
		D3DEF108265FF42800D1E985 /* XCRemoteSwiftPackageReference "OpenSSL" */ = {
			isa = XCRemoteSwiftPackageReference;
			repositoryURL = "https://github.com/krzyzanowskim/OpenSSL";
			requirement = {
				kind = upToNextMajorVersion;
				minimumVersion = 1.1.1100;
			};
		};
/* End XCRemoteSwiftPackageReference section */

/* Begin XCSwiftPackageProductDependency section */
		D3A585A425796419005F2A86 /* SwiftKeychainWrapper */ = {
			isa = XCSwiftPackageProductDependency;
			package = D3A585A325796419005F2A86 /* XCRemoteSwiftPackageReference "SwiftKeychainWrapper" */;
			productName = SwiftKeychainWrapper;
		};
		D3DEF109265FF42800D1E985 /* OpenSSL */ = {
			isa = XCSwiftPackageProductDependency;
			package = D3DEF108265FF42800D1E985 /* XCRemoteSwiftPackageReference "OpenSSL" */;
			productName = OpenSSL;
		};
/* End XCSwiftPackageProductDependency section */
	};
	rootObject = D34650E4253786E500F701EA /* Project object */;
}
